
Microsoft Visual Studio Solution File, Format Version 12.00
# Visual Studio Version 17
VisualStudioVersion = 17.7.34221.43
MinimumVisualStudioVersion = 10.0.40219.1
Project("{FAE04EC0-301F-11D3-BF4B-00C04F79EFBC}") = "asp.netcoreprojce", "asp.netcoreprojce\asp.netcoreprojce.csproj", "{A1DC45CE-4B9B-4166-816D-B756A2074438}"
EndProject
Project("{FAE04EC0-301F-11D3-BF4B-00C04F79EFBC}") = "BE", "BE\BE.csproj", "{3460ACC2-A7DC-4D3B-8514-F10DD898689E}"
EndProject
Project("{FAE04EC0-301F-11D3-BF4B-00C04F79EFBC}") = "BLL", "BLL\BLL.csproj", "{B03B7CCE-ABB3-4D92-8B7D-1115F5205F9A}"
EndProject
Project("{FAE04EC0-301F-11D3-BF4B-00C04F79EFBC}") = "DAL", "DAL\DAL.csproj", "{417F0EE7-3D7D-4585-8433-6A20D1C70B6A}"
EndProject
Global
	GlobalSection(SolutionConfigurationPlatforms) = preSolution
		Debug|Any CPU = Debug|Any CPU
		Release|Any CPU = Release|Any CPU
	EndGlobalSection
	GlobalSection(ProjectConfigurationPlatforms) = postSolution
		{A1DC45CE-4B9B-4166-816D-B756A2074438}.Debug|Any CPU.ActiveCfg = Debug|Any CPU
		{A1DC45CE-4B9B-4166-816D-B756A2074438}.Debug|Any CPU.Build.0 = Debug|Any CPU
		{A1DC45CE-4B9B-4166-816D-B756A2074438}.Release|Any CPU.ActiveCfg = Release|Any CPU
		{A1DC45CE-4B9B-4166-816D-B756A2074438}.Release|Any CPU.Build.0 = Release|Any CPU
		{3460ACC2-A7DC-4D3B-8514-F10DD898689E}.Debug|Any CPU.ActiveCfg = Debug|Any CPU
		{3460ACC2-A7DC-4D3B-8514-F10DD898689E}.Debug|Any CPU.Build.0 = Debug|Any CPU
		{3460ACC2-A7DC-4D3B-8514-F10DD898689E}.Release|Any CPU.ActiveCfg = Release|Any CPU
		{3460ACC2-A7DC-4D3B-8514-F10DD898689E}.Release|Any CPU.Build.0 = Release|Any CPU
		{B03B7CCE-ABB3-4D92-8B7D-1115F5205F9A}.Debug|Any CPU.ActiveCfg = Debug|Any CPU
		{B03B7CCE-ABB3-4D92-8B7D-1115F5205F9A}.Debug|Any CPU.Build.0 = Debug|Any CPU
		{B03B7CCE-ABB3-4D92-8B7D-1115F5205F9A}.Release|Any CPU.ActiveCfg = Release|Any CPU
		{B03B7CCE-ABB3-4D92-8B7D-1115F5205F9A}.Release|Any CPU.Build.0 = Release|Any CPU
		{417F0EE7-3D7D-4585-8433-6A20D1C70B6A}.Debug|Any CPU.ActiveCfg = Debug|Any CPU
		{417F0EE7-3D7D-4585-8433-6A20D1C70B6A}.Debug|Any CPU.Build.0 = Debug|Any CPU
		{417F0EE7-3D7D-4585-8433-6A20D1C70B6A}.Release|Any CPU.ActiveCfg = Release|Any CPU
		{417F0EE7-3D7D-4585-8433-6A20D1C70B6A}.Release|Any CPU.Build.0 = Release|Any CPU
	EndGlobalSection
	GlobalSection(SolutionProperties) = preSolution
		HideSolutionNode = FALSE
	EndGlobalSection
	GlobalSection(ExtensibilityGlobals) = postSolution
		SolutionGuid = {551276EB-B153-4FBE-990F-B2B79CB4059E}
	EndGlobalSection
EndGlobal
